
Microsoft Visual Studio Solution File, Format Version 12.00
# Visual Studio 15
VisualStudioVersion = 15.0.35213.121
MinimumVisualStudioVersion = 10.0.40219.1
Project("{FAE04EC0-301F-11D3-BF4B-00C04F79EFBC}") = "Odev6.11", "Odev6.11.csproj", "{340F9BCD-E878-49AB-A5F5-374CB60C02D7}"
EndProject
Global
	GlobalSection(SolutionConfigurationPlatforms) = preSolution
		Debug|Any CPU = Debug|Any CPU
		Release|Any CPU = Release|Any CPU
	EndGlobalSection
	GlobalSection(ProjectConfigurationPlatforms) = postSolution
		{340F9BCD-E878-49AB-A5F5-374CB60C02D7}.Debug|Any CPU.ActiveCfg = Debug|Any CPU
		{340F9BCD-E878-49AB-A5F5-374CB60C02D7}.Debug|Any CPU.Build.0 = Debug|Any CPU
		{340F9BCD-E878-49AB-A5F5-374CB60C02D7}.Release|Any CPU.ActiveCfg = Release|Any CPU
		{340F9BCD-E878-49AB-A5F5-374CB60C02D7}.Release|Any CPU.Build.0 = Release|Any CPU
	EndGlobalSection
	GlobalSection(SolutionProperties) = preSolution
		HideSolutionNode = FALSE
	EndGlobalSection
	GlobalSection(ExtensibilityGlobals) = postSolution
		SolutionGuid = {59E70802-051E-4848-8EFD-F566E03B7827}
	EndGlobalSection
EndGlobal
