
Microsoft Visual Studio Solution File, Format Version 12.00
# Visual Studio 15
VisualStudioVersion = 15.0.35213.121
MinimumVisualStudioVersion = 10.0.40219.1
Project("{FAE04EC0-301F-11D3-BF4B-00C04F79EFBC}") = "UrunSinifi", "UrunSinifi\UrunSinifi.csproj", "{18015EC1-BC05-4DE9-ADBB-F4ACB59532A7}"
EndProject
Global
	GlobalSection(SolutionConfigurationPlatforms) = preSolution
		Debug|Any CPU = Debug|Any CPU
		Release|Any CPU = Release|Any CPU
	EndGlobalSection
	GlobalSection(ProjectConfigurationPlatforms) = postSolution
		{18015EC1-BC05-4DE9-ADBB-F4ACB59532A7}.Debug|Any CPU.ActiveCfg = Debug|Any CPU
		{18015EC1-BC05-4DE9-ADBB-F4ACB59532A7}.Debug|Any CPU.Build.0 = Debug|Any CPU
		{18015EC1-BC05-4DE9-ADBB-F4ACB59532A7}.Release|Any CPU.ActiveCfg = Release|Any CPU
		{18015EC1-BC05-4DE9-ADBB-F4ACB59532A7}.Release|Any CPU.Build.0 = Release|Any CPU
	EndGlobalSection
	GlobalSection(SolutionProperties) = preSolution
		HideSolutionNode = FALSE
	EndGlobalSection
	GlobalSection(ExtensibilityGlobals) = postSolution
		SolutionGuid = {ACC8B510-4932-443E-B50A-5ECA2D4884F7}
	EndGlobalSection
EndGlobal
