
Microsoft Visual Studio Solution File, Format Version 12.00
# Visual Studio 15
VisualStudioVersion = 15.0.35213.121
MinimumVisualStudioVersion = 10.0.40219.1
Project("{FAE04EC0-301F-11D3-BF4B-00C04F79EFBC}") = "AdresDefteriSinifi", "AdresDefteriSinifi\AdresDefteriSinifi.csproj", "{9BC5E412-39D2-4BD7-B026-F2D59216D299}"
EndProject
Global
	GlobalSection(SolutionConfigurationPlatforms) = preSolution
		Debug|Any CPU = Debug|Any CPU
		Release|Any CPU = Release|Any CPU
	EndGlobalSection
	GlobalSection(ProjectConfigurationPlatforms) = postSolution
		{9BC5E412-39D2-4BD7-B026-F2D59216D299}.Debug|Any CPU.ActiveCfg = Debug|Any CPU
		{9BC5E412-39D2-4BD7-B026-F2D59216D299}.Debug|Any CPU.Build.0 = Debug|Any CPU
		{9BC5E412-39D2-4BD7-B026-F2D59216D299}.Release|Any CPU.ActiveCfg = Release|Any CPU
		{9BC5E412-39D2-4BD7-B026-F2D59216D299}.Release|Any CPU.Build.0 = Release|Any CPU
	EndGlobalSection
	GlobalSection(SolutionProperties) = preSolution
		HideSolutionNode = FALSE
	EndGlobalSection
	GlobalSection(ExtensibilityGlobals) = postSolution
		SolutionGuid = {A82A48C1-53E7-4CC0-8077-CE400498395A}
	EndGlobalSection
EndGlobal
