
Microsoft Visual Studio Solution File, Format Version 12.00
# Visual Studio 15
VisualStudioVersion = 15.0.35213.121
MinimumVisualStudioVersion = 10.0.40219.1
Project("{FAE04EC0-301F-11D3-BF4B-00C04F79EFBC}") = "OrtalamaMedyanHesabi", "OrtalamaMedyanHesabı\OrtalamaMedyanHesabi.csproj", "{6EBAC4B2-167A-4D05-97FF-2CA2835C129F}"
EndProject
Global
	GlobalSection(SolutionConfigurationPlatforms) = preSolution
		Debug|Any CPU = Debug|Any CPU
		Release|Any CPU = Release|Any CPU
	EndGlobalSection
	GlobalSection(ProjectConfigurationPlatforms) = postSolution
		{6EBAC4B2-167A-4D05-97FF-2CA2835C129F}.Debug|Any CPU.ActiveCfg = Debug|Any CPU
		{6EBAC4B2-167A-4D05-97FF-2CA2835C129F}.Debug|Any CPU.Build.0 = Debug|Any CPU
		{6EBAC4B2-167A-4D05-97FF-2CA2835C129F}.Release|Any CPU.ActiveCfg = Release|Any CPU
		{6EBAC4B2-167A-4D05-97FF-2CA2835C129F}.Release|Any CPU.Build.0 = Release|Any CPU
	EndGlobalSection
	GlobalSection(SolutionProperties) = preSolution
		HideSolutionNode = FALSE
	EndGlobalSection
	GlobalSection(ExtensibilityGlobals) = postSolution
		SolutionGuid = {54363F2C-F1F7-4681-B98A-3B96740AC493}
	EndGlobalSection
EndGlobal
