
Microsoft Visual Studio Solution File, Format Version 12.00
# Visual Studio 15
VisualStudioVersion = 15.0.35213.121
MinimumVisualStudioVersion = 10.0.40219.1
Project("{FAE04EC0-301F-11D3-BF4B-00C04F79EFBC}") = "Proje6.1", "Proje6.1\Proje6.1.csproj", "{B4989D42-9676-4E99-8F5C-4DE83B6AABB9}"
EndProject
Global
	GlobalSection(SolutionConfigurationPlatforms) = preSolution
		Debug|Any CPU = Debug|Any CPU
		Release|Any CPU = Release|Any CPU
	EndGlobalSection
	GlobalSection(ProjectConfigurationPlatforms) = postSolution
		{B4989D42-9676-4E99-8F5C-4DE83B6AABB9}.Debug|Any CPU.ActiveCfg = Debug|Any CPU
		{B4989D42-9676-4E99-8F5C-4DE83B6AABB9}.Debug|Any CPU.Build.0 = Debug|Any CPU
		{B4989D42-9676-4E99-8F5C-4DE83B6AABB9}.Release|Any CPU.ActiveCfg = Release|Any CPU
		{B4989D42-9676-4E99-8F5C-4DE83B6AABB9}.Release|Any CPU.Build.0 = Release|Any CPU
	EndGlobalSection
	GlobalSection(SolutionProperties) = preSolution
		HideSolutionNode = FALSE
	EndGlobalSection
	GlobalSection(ExtensibilityGlobals) = postSolution
		SolutionGuid = {D16D5D6E-03DA-4B94-A7E7-5BA8AED19C5F}
	EndGlobalSection
EndGlobal
