
Microsoft Visual Studio Solution File, Format Version 12.00
# Visual Studio 15
VisualStudioVersion = 15.0.35213.121
MinimumVisualStudioVersion = 10.0.40219.1
Project("{FAE04EC0-301F-11D3-BF4B-00C04F79EFBC}") = "ZamanYolcusu", "ZamanYolcusu\ZamanYolcusu.csproj", "{612F705A-3575-4FA0-AEDB-F17762607060}"
EndProject
Global
	GlobalSection(SolutionConfigurationPlatforms) = preSolution
		Debug|Any CPU = Debug|Any CPU
		Release|Any CPU = Release|Any CPU
	EndGlobalSection
	GlobalSection(ProjectConfigurationPlatforms) = postSolution
		{612F705A-3575-4FA0-AEDB-F17762607060}.Debug|Any CPU.ActiveCfg = Debug|Any CPU
		{612F705A-3575-4FA0-AEDB-F17762607060}.Debug|Any CPU.Build.0 = Debug|Any CPU
		{612F705A-3575-4FA0-AEDB-F17762607060}.Release|Any CPU.ActiveCfg = Release|Any CPU
		{612F705A-3575-4FA0-AEDB-F17762607060}.Release|Any CPU.Build.0 = Release|Any CPU
	EndGlobalSection
	GlobalSection(SolutionProperties) = preSolution
		HideSolutionNode = FALSE
	EndGlobalSection
	GlobalSection(ExtensibilityGlobals) = postSolution
		SolutionGuid = {CCF8EBA1-5EE4-40F2-9E35-7A7FC3A67864}
	EndGlobalSection
EndGlobal
